
Microsoft Visual Studio Solution File, Format Version 12.00
# Visual Studio 15
VisualStudioVersion = 15.0.28010.2026
MinimumVisualStudioVersion = 10.0.40219.1
Project("{9A19103F-16F7-4668-BE54-9A1E7A4F7556}") = "Checkout.Orders.Domain", "src\Checkout.Orders.Domain\Checkout.Orders.Domain.csproj", "{611B310D-C4D3-49A3-85D7-A62750AE7928}"
EndProject
Project("{9A19103F-16F7-4668-BE54-9A1E7A4F7556}") = "Checkout.Orders.API.Contract", "src\Checkout.Orders.API.Contract\Checkout.Orders.API.Contract.csproj", "{8A70CE97-1D52-42FE-8306-B15CD4F948E4}"
EndProject
Project("{9A19103F-16F7-4668-BE54-9A1E7A4F7556}") = "Checkout.Orders.API", "src\Checkout.Orders.API\Checkout.Orders.API.csproj", "{F7950AD4-B961-42E1-88DA-27ECE7CBCA37}"
EndProject
Project("{9A19103F-16F7-4668-BE54-9A1E7A4F7556}") = "Checkout.Orders.API.Client", "src\Checkout.Orders.API.Client\Checkout.Orders.API.Client.csproj", "{B97DC59F-61E3-4A3A-BBBB-9758DA501DE0}"
EndProject
Project("{2150E333-8FDC-42A3-9474-1A3956D46DE8}") = "src", "src", "{C022D288-E3D3-45D3-9A9B-2D2E36F91FEF}"
EndProject
Project("{2150E333-8FDC-42A3-9474-1A3956D46DE8}") = "tests", "tests", "{AAC908E0-B3BA-4278-8CB1-DFD1317C8663}"
EndProject
Project("{9A19103F-16F7-4668-BE54-9A1E7A4F7556}") = "Checkout.Orders.API.Client.Tests", "tests\Checkout.Orders.API.Client.Tests\Checkout.Orders.API.Client.Tests.csproj", "{901400A1-0547-46E1-9892-F924C235D407}"
EndProject
Project("{9A19103F-16F7-4668-BE54-9A1E7A4F7556}") = "Checkout.Orders.Tests", "tests\Checkout.Orders.API.Tests\Checkout.Orders.Tests.csproj", "{28407A5F-6799-424B-AEA6-741A33F03FC2}"
EndProject
Global
	GlobalSection(SolutionConfigurationPlatforms) = preSolution
		Debug|Any CPU = Debug|Any CPU
		Release|Any CPU = Release|Any CPU
	EndGlobalSection
	GlobalSection(ProjectConfigurationPlatforms) = postSolution
		{611B310D-C4D3-49A3-85D7-A62750AE7928}.Debug|Any CPU.ActiveCfg = Debug|Any CPU
		{611B310D-C4D3-49A3-85D7-A62750AE7928}.Debug|Any CPU.Build.0 = Debug|Any CPU
		{611B310D-C4D3-49A3-85D7-A62750AE7928}.Release|Any CPU.ActiveCfg = Release|Any CPU
		{611B310D-C4D3-49A3-85D7-A62750AE7928}.Release|Any CPU.Build.0 = Release|Any CPU
		{8A70CE97-1D52-42FE-8306-B15CD4F948E4}.Debug|Any CPU.ActiveCfg = Debug|Any CPU
		{8A70CE97-1D52-42FE-8306-B15CD4F948E4}.Debug|Any CPU.Build.0 = Debug|Any CPU
		{8A70CE97-1D52-42FE-8306-B15CD4F948E4}.Release|Any CPU.ActiveCfg = Release|Any CPU
		{8A70CE97-1D52-42FE-8306-B15CD4F948E4}.Release|Any CPU.Build.0 = Release|Any CPU
		{F7950AD4-B961-42E1-88DA-27ECE7CBCA37}.Debug|Any CPU.ActiveCfg = Debug|Any CPU
		{F7950AD4-B961-42E1-88DA-27ECE7CBCA37}.Debug|Any CPU.Build.0 = Debug|Any CPU
		{F7950AD4-B961-42E1-88DA-27ECE7CBCA37}.Release|Any CPU.ActiveCfg = Release|Any CPU
		{F7950AD4-B961-42E1-88DA-27ECE7CBCA37}.Release|Any CPU.Build.0 = Release|Any CPU
		{B97DC59F-61E3-4A3A-BBBB-9758DA501DE0}.Debug|Any CPU.ActiveCfg = Debug|Any CPU
		{B97DC59F-61E3-4A3A-BBBB-9758DA501DE0}.Debug|Any CPU.Build.0 = Debug|Any CPU
		{B97DC59F-61E3-4A3A-BBBB-9758DA501DE0}.Release|Any CPU.ActiveCfg = Release|Any CPU
		{B97DC59F-61E3-4A3A-BBBB-9758DA501DE0}.Release|Any CPU.Build.0 = Release|Any CPU
		{901400A1-0547-46E1-9892-F924C235D407}.Debug|Any CPU.ActiveCfg = Debug|Any CPU
		{901400A1-0547-46E1-9892-F924C235D407}.Debug|Any CPU.Build.0 = Debug|Any CPU
		{901400A1-0547-46E1-9892-F924C235D407}.Release|Any CPU.ActiveCfg = Release|Any CPU
		{901400A1-0547-46E1-9892-F924C235D407}.Release|Any CPU.Build.0 = Release|Any CPU
		{28407A5F-6799-424B-AEA6-741A33F03FC2}.Debug|Any CPU.ActiveCfg = Debug|Any CPU
		{28407A5F-6799-424B-AEA6-741A33F03FC2}.Debug|Any CPU.Build.0 = Debug|Any CPU
		{28407A5F-6799-424B-AEA6-741A33F03FC2}.Release|Any CPU.ActiveCfg = Release|Any CPU
		{28407A5F-6799-424B-AEA6-741A33F03FC2}.Release|Any CPU.Build.0 = Release|Any CPU
	EndGlobalSection
	GlobalSection(SolutionProperties) = preSolution
		HideSolutionNode = FALSE
	EndGlobalSection
	GlobalSection(NestedProjects) = preSolution
		{611B310D-C4D3-49A3-85D7-A62750AE7928} = {C022D288-E3D3-45D3-9A9B-2D2E36F91FEF}
		{8A70CE97-1D52-42FE-8306-B15CD4F948E4} = {C022D288-E3D3-45D3-9A9B-2D2E36F91FEF}
		{F7950AD4-B961-42E1-88DA-27ECE7CBCA37} = {C022D288-E3D3-45D3-9A9B-2D2E36F91FEF}
		{B97DC59F-61E3-4A3A-BBBB-9758DA501DE0} = {C022D288-E3D3-45D3-9A9B-2D2E36F91FEF}
		{901400A1-0547-46E1-9892-F924C235D407} = {AAC908E0-B3BA-4278-8CB1-DFD1317C8663}
		{28407A5F-6799-424B-AEA6-741A33F03FC2} = {AAC908E0-B3BA-4278-8CB1-DFD1317C8663}
	EndGlobalSection
	GlobalSection(ExtensibilityGlobals) = postSolution
		SolutionGuid = {F1B3B14D-7E66-46EA-B058-23FBC2ADA3DF}
	EndGlobalSection
EndGlobal
